
Microsoft Visual Studio Solution File, Format Version 12.00
# Visual Studio Version 17
VisualStudioVersion = 17.7.34202.233
MinimumVisualStudioVersion = 10.0.40219.1
Project("{FAE04EC0-301F-11D3-BF4B-00C04F79EFBC}") = "Parcial3_MazoQuicenoFredyAntonio", "Parcial3_MazoQuicenoFredyAntonio.csproj", "{5B7DC4A7-60B4-4180-BEE8-7B3270C0C276}"
EndProject
Global
	GlobalSection(SolutionConfigurationPlatforms) = preSolution
		Debug|Any CPU = Debug|Any CPU
		Release|Any CPU = Release|Any CPU
	EndGlobalSection
	GlobalSection(ProjectConfigurationPlatforms) = postSolution
		{5B7DC4A7-60B4-4180-BEE8-7B3270C0C276}.Debug|Any CPU.ActiveCfg = Debug|Any CPU
		{5B7DC4A7-60B4-4180-BEE8-7B3270C0C276}.Debug|Any CPU.Build.0 = Debug|Any CPU
		{5B7DC4A7-60B4-4180-BEE8-7B3270C0C276}.Release|Any CPU.ActiveCfg = Release|Any CPU
		{5B7DC4A7-60B4-4180-BEE8-7B3270C0C276}.Release|Any CPU.Build.0 = Release|Any CPU
	EndGlobalSection
	GlobalSection(SolutionProperties) = preSolution
		HideSolutionNode = FALSE
	EndGlobalSection
	GlobalSection(ExtensibilityGlobals) = postSolution
		SolutionGuid = {D15193E7-0C4D-4F8E-8806-26B2B5811933}
	EndGlobalSection
EndGlobal
